
Microsoft Visual Studio Solution File, Format Version 12.00
# Visual Studio Version 16
VisualStudioVersion = 16.0.31205.134
MinimumVisualStudioVersion = 10.0.40219.1
Project("{FAE04EC0-301F-11D3-BF4B-00C04F79EFBC}") = "v0707", "v0707\v0707.csproj", "{3BD28767-C47E-4725-B366-A882B2A743A0}"
EndProject
Global
	GlobalSection(SolutionConfigurationPlatforms) = preSolution
		Debug|Any CPU = Debug|Any CPU
		Release|Any CPU = Release|Any CPU
	EndGlobalSection
	GlobalSection(ProjectConfigurationPlatforms) = postSolution
		{3BD28767-C47E-4725-B366-A882B2A743A0}.Debug|Any CPU.ActiveCfg = Debug|Any CPU
		{3BD28767-C47E-4725-B366-A882B2A743A0}.Debug|Any CPU.Build.0 = Debug|Any CPU
		{3BD28767-C47E-4725-B366-A882B2A743A0}.Release|Any CPU.ActiveCfg = Release|Any CPU
		{3BD28767-C47E-4725-B366-A882B2A743A0}.Release|Any CPU.Build.0 = Release|Any CPU
	EndGlobalSection
	GlobalSection(SolutionProperties) = preSolution
		HideSolutionNode = FALSE
	EndGlobalSection
	GlobalSection(ExtensibilityGlobals) = postSolution
		SolutionGuid = {2A2F7FA7-2492-425E-B768-315968DF6475}
	EndGlobalSection
EndGlobal
